// !$*UTF8*$!
{
	archiveVersion = 1;
	classes = {
	};
	objectVersion = 46;
	objects = {

/* Begin PBXBuildFile section */
		761336AC1ECB50F300E316BF /* AssetRightsSpec.swift in Sources */ = {isa = PBXBuildFile; fileRef = 761336AA1ECB50F300E316BF /* AssetRightsSpec.swift */; };
		761336AD1ECB50F300E316BF /* LinkedEntitySpec.swift in Sources */ = {isa = PBXBuildFile; fileRef = 761336AB1ECB50F300E316BF /* LinkedEntitySpec.swift */; };
		761336AF1ECB860300E316BF /* DeviceRightsSpec.swift in Sources */ = {isa = PBXBuildFile; fileRef = 761336AE1ECB860300E316BF /* DeviceRightsSpec.swift */; };
		761336B11ECB8D2E00E316BF /* PublicationSpec.swift in Sources */ = {isa = PBXBuildFile; fileRef = 761336B01ECB8D2E00E316BF /* PublicationSpec.swift */; };
		761336B31ECC2C2600E316BF /* LocalizedDataSpec.swift in Sources */ = {isa = PBXBuildFile; fileRef = 761336B21ECC2C2600E316BF /* LocalizedDataSpec.swift */; };
		761336B51ECC31E800E316BF /* AssetSpec.swift in Sources */ = {isa = PBXBuildFile; fileRef = 761336B41ECC31E800E316BF /* AssetSpec.swift */; };
		761336B71ECC40C100E316BF /* SeasonSpec.swift in Sources */ = {isa = PBXBuildFile; fileRef = 761336B61ECC40C100E316BF /* SeasonSpec.swift */; };
		761336B91ECCD61B00E316BF /* FetchAssetList.swift in Sources */ = {isa = PBXBuildFile; fileRef = 761336B81ECCD61B00E316BF /* FetchAssetList.swift */; };
		76380D991EB8A7C600691342 /* Appfile in Resources */ = {isa = PBXBuildFile; fileRef = 76380D971EB8A7C600691342 /* Appfile */; };
		76380D9A1EB8A7C600691342 /* Fastfile in Resources */ = {isa = PBXBuildFile; fileRef = 76380D981EB8A7C600691342 /* Fastfile */; };
		76529CF91ED6148B00318AE2 /* FetchAssetListSpec.swift in Sources */ = {isa = PBXBuildFile; fileRef = 76529CF81ED6148B00318AE2 /* FetchAssetListSpec.swift */; };
		76529CFB1EDBF2FE00318AE2 /* FilteredDevices.swift in Sources */ = {isa = PBXBuildFile; fileRef = 76529CFA1EDBF2FE00318AE2 /* FilteredDevices.swift */; };
		76529CFD1EDBF61100318AE2 /* DeviceType.swift in Sources */ = {isa = PBXBuildFile; fileRef = 76529CFC1EDBF61100318AE2 /* DeviceType.swift */; };
		76529D031EDC2EB600318AE2 /* SortedResponse.swift in Sources */ = {isa = PBXBuildFile; fileRef = 76529D021EDC2EB600318AE2 /* SortedResponse.swift */; };
		76529D051EDC4A1E00318AE2 /* ElasticSearch.swift in Sources */ = {isa = PBXBuildFile; fileRef = 76529D041EDC4A1E00318AE2 /* ElasticSearch.swift */; };
		76529CFF1EDC23E100318AE2 /* Authenticate.swift in Sources */ = {isa = PBXBuildFile; fileRef = 76529CFE1EDC23E100318AE2 /* Authenticate.swift */; };
		76529D011EDC254300318AE2 /* TwoFactorLogin.swift in Sources */ = {isa = PBXBuildFile; fileRef = 76529D001EDC254300318AE2 /* TwoFactorLogin.swift */; };
		7667AEBA1EC1C44100C308FC /* .env in Resources */ = {isa = PBXBuildFile; fileRef = 7667AEB91EC1C44100C308FC /* .env */; };
		766FBB651EC9822B00EBEC53 /* Asset.swift in Sources */ = {isa = PBXBuildFile; fileRef = 766FBB641EC9822B00EBEC53 /* Asset.swift */; };
		766FBB671EC9829200EBEC53 /* FetchAsset.swift in Sources */ = {isa = PBXBuildFile; fileRef = 766FBB661EC9829200EBEC53 /* FetchAsset.swift */; };
		766FBB6C1EC9A19B00EBEC53 /* Sequence+Extensions.swift in Sources */ = {isa = PBXBuildFile; fileRef = 766FBB6B1EC9A19B00EBEC53 /* Sequence+Extensions.swift */; };
		766FBB6E1EC9A96500EBEC53 /* FetchAssetById.swift in Sources */ = {isa = PBXBuildFile; fileRef = 766FBB6D1EC9A96500EBEC53 /* FetchAssetById.swift */; };
		766FBB701EC9C49900EBEC53 /* FetchAssetsByIdSpec.swift in Sources */ = {isa = PBXBuildFile; fileRef = 766FBB6F1EC9C49900EBEC53 /* FetchAssetsByIdSpec.swift */; };
		766FBB721ECA2A1B00EBEC53 /* LocalizedData.swift in Sources */ = {isa = PBXBuildFile; fileRef = 766FBB711ECA2A1B00EBEC53 /* LocalizedData.swift */; };
		766FBB741ECA2A4600EBEC53 /* Image.swift in Sources */ = {isa = PBXBuildFile; fileRef = 766FBB731ECA2A4600EBEC53 /* Image.swift */; };
		766FBB761ECA2A6F00EBEC53 /* Tag.swift in Sources */ = {isa = PBXBuildFile; fileRef = 766FBB751ECA2A6F00EBEC53 /* Tag.swift */; };
		766FBB781ECA2A9100EBEC53 /* Publication.swift in Sources */ = {isa = PBXBuildFile; fileRef = 766FBB771ECA2A9100EBEC53 /* Publication.swift */; };
		766FBB7A1ECA2AB500EBEC53 /* AssetRights.swift in Sources */ = {isa = PBXBuildFile; fileRef = 766FBB791ECA2AB500EBEC53 /* AssetRights.swift */; };
		766FBB7C1ECA2AD200EBEC53 /* DeviceRights.swift in Sources */ = {isa = PBXBuildFile; fileRef = 766FBB7B1ECA2AD200EBEC53 /* DeviceRights.swift */; };
		766FBB7E1ECA2B1600EBEC53 /* Season.swift in Sources */ = {isa = PBXBuildFile; fileRef = 766FBB7D1ECA2B1600EBEC53 /* Season.swift */; };
		766FBB801ECA2B2B00EBEC53 /* LinkedEntity.swift in Sources */ = {isa = PBXBuildFile; fileRef = 766FBB7F1ECA2B2B00EBEC53 /* LinkedEntity.swift */; };
		766FBB821ECA2B3D00EBEC53 /* ExternalReference.swift in Sources */ = {isa = PBXBuildFile; fileRef = 766FBB811ECA2B3D00EBEC53 /* ExternalReference.swift */; };
		766FBB841ECA2B6100EBEC53 /* Person.swift in Sources */ = {isa = PBXBuildFile; fileRef = 766FBB831ECA2B6100EBEC53 /* Person.swift */; };
		766FBB861ECA2B7400EBEC53 /* Media.swift in Sources */ = {isa = PBXBuildFile; fileRef = 766FBB851ECA2B7400EBEC53 /* Media.swift */; };
		766FBB881ECA2B9800EBEC53 /* ParentalRating.swift in Sources */ = {isa = PBXBuildFile; fileRef = 766FBB871ECA2B9800EBEC53 /* ParentalRating.swift */; };
		7670307F1ECB21150026CD70 /* TagsSpec.swift in Sources */ = {isa = PBXBuildFile; fileRef = 7670307E1ECB21150026CD70 /* TagsSpec.swift */; };
		767030811ECB25E00026CD70 /* ImageSpec.swift in Sources */ = {isa = PBXBuildFile; fileRef = 767030801ECB25E00026CD70 /* ImageSpec.swift */; };
		767030831ECB27DC0026CD70 /* ParentalRatingSpec.swift in Sources */ = {isa = PBXBuildFile; fileRef = 767030821ECB27DC0026CD70 /* ParentalRatingSpec.swift */; };
		767030851ECB29080026CD70 /* MediaSpec.swift in Sources */ = {isa = PBXBuildFile; fileRef = 767030841ECB29080026CD70 /* MediaSpec.swift */; };
		767030871ECB2B1E0026CD70 /* PersonSpec.swift in Sources */ = {isa = PBXBuildFile; fileRef = 767030861ECB2B1E0026CD70 /* PersonSpec.swift */; };
		767030891ECB2BEB0026CD70 /* ExternalReferenceSpec.swift in Sources */ = {isa = PBXBuildFile; fileRef = 767030881ECB2BEB0026CD70 /* ExternalReferenceSpec.swift */; };
		7680EFCF1ED61034008528D1 /* AssetListSpec.swift in Sources */ = {isa = PBXBuildFile; fileRef = 7680EFCE1ED61034008528D1 /* AssetListSpec.swift */; };
		7693EDC01EAA4BC400421551 /* FairplayConfigurationSpec.swift in Sources */ = {isa = PBXBuildFile; fileRef = 7693EDBF1EAA4BC400421551 /* FairplayConfigurationSpec.swift */; };
		7693EDC21EAA513000421551 /* LoginSpec.swift in Sources */ = {isa = PBXBuildFile; fileRef = 7693EDC11EAA513000421551 /* LoginSpec.swift */; };
		7693EDC61EADE09F00421551 /* FetchServerTimeSpec.swift in Sources */ = {isa = PBXBuildFile; fileRef = 7693EDC51EADE09F00421551 /* FetchServerTimeSpec.swift */; };
		7693EDC81EADE91300421551 /* SessionTokenSpec.swift in Sources */ = {isa = PBXBuildFile; fileRef = 7693EDC71EADE91300421551 /* SessionTokenSpec.swift */; };
		7693EDCA1EADEB7300421551 /* CredentialsSpec.swift in Sources */ = {isa = PBXBuildFile; fileRef = 7693EDC91EADEB7300421551 /* CredentialsSpec.swift */; };
		7693EDCC1EADED5C00421551 /* EDRMConfigurationSpec.swift in Sources */ = {isa = PBXBuildFile; fileRef = 7693EDCB1EADED5C00421551 /* EDRMConfigurationSpec.swift */; };
		7693EDCE1EADEE9300421551 /* ExposureSpec.swift in Sources */ = {isa = PBXBuildFile; fileRef = 7693EDCD1EADEE9300421551 /* ExposureSpec.swift */; };
		7693EDD01EADF30300421551 /* PlayRequestSpec.swift in Sources */ = {isa = PBXBuildFile; fileRef = 7693EDCF1EADF30300421551 /* PlayRequestSpec.swift */; };
		7693EDD41EADF90100421551 /* PlayVodSpec.swift in Sources */ = {isa = PBXBuildFile; fileRef = 7693EDD31EADF90100421551 /* PlayVodSpec.swift */; };
		7693EDD61EAE00FD00421551 /* PlaybackEntitlementSpec.swift in Sources */ = {isa = PBXBuildFile; fileRef = 7693EDD51EAE00FD00421551 /* PlaybackEntitlementSpec.swift */; };
		76A842B11EA75EC900BDAF2C /* Exposure.framework in Frameworks */ = {isa = PBXBuildFile; fileRef = 76A842A71EA75EC900BDAF2C /* Exposure.framework */; };
		76A842B81EA75EC900BDAF2C /* Exposure.h in Headers */ = {isa = PBXBuildFile; fileRef = 76A842AA1EA75EC900BDAF2C /* Exposure.h */; settings = {ATTRIBUTES = (Public, ); }; };
		76A842C21EA7604F00BDAF2C /* Cartfile in Resources */ = {isa = PBXBuildFile; fileRef = 76A842C11EA7604F00BDAF2C /* Cartfile */; };
		76A842EB1EA7667D00BDAF2C /* DeviceInfo.swift in Sources */ = {isa = PBXBuildFile; fileRef = 76A842CB1EA7667D00BDAF2C /* DeviceInfo.swift */; };
		76A842EC1EA7667D00BDAF2C /* Anonymous.swift in Sources */ = {isa = PBXBuildFile; fileRef = 76A842CD1EA7667D00BDAF2C /* Anonymous.swift */; };
		76A842ED1EA7667D00BDAF2C /* Login.swift in Sources */ = {isa = PBXBuildFile; fileRef = 76A842CE1EA7667D00BDAF2C /* Login.swift */; };
		76A842EE1EA7667D00BDAF2C /* Credentials.swift in Sources */ = {isa = PBXBuildFile; fileRef = 76A842D01EA7667D00BDAF2C /* Credentials.swift */; };
		76A842EF1EA7667D00BDAF2C /* SessionToken.swift in Sources */ = {isa = PBXBuildFile; fileRef = 76A842D11EA7667D00BDAF2C /* SessionToken.swift */; };
		76A842F01EA7667D00BDAF2C /* PlayRequest.swift in Sources */ = {isa = PBXBuildFile; fileRef = 76A842D41EA7667D00BDAF2C /* PlayRequest.swift */; };
		76A842F11EA7667D00BDAF2C /* PlayVod.swift in Sources */ = {isa = PBXBuildFile; fileRef = 76A842D61EA7667D00BDAF2C /* PlayVod.swift */; };
		76A842F21EA7667D00BDAF2C /* EDRMConfiguration.swift in Sources */ = {isa = PBXBuildFile; fileRef = 76A842D81EA7667D00BDAF2C /* EDRMConfiguration.swift */; };
		76A842F31EA7667D00BDAF2C /* FairplayConfiguration.swift in Sources */ = {isa = PBXBuildFile; fileRef = 76A842D91EA7667D00BDAF2C /* FairplayConfiguration.swift */; };
		76A842F41EA7667D00BDAF2C /* PlaybackEntitlement.swift in Sources */ = {isa = PBXBuildFile; fileRef = 76A842DA1EA7667D00BDAF2C /* PlaybackEntitlement.swift */; };
		76A842F51EA7667D00BDAF2C /* Exposure.swift in Sources */ = {isa = PBXBuildFile; fileRef = 76A842DB1EA7667D00BDAF2C /* Exposure.swift */; };
		76A842F61EA7667D00BDAF2C /* Environment.swift in Sources */ = {isa = PBXBuildFile; fileRef = 76A842DD1EA7667D00BDAF2C /* Environment.swift */; };
		76A842F71EA7667D00BDAF2C /* DataRequest.swift in Sources */ = {isa = PBXBuildFile; fileRef = 76A842DF1EA7667D00BDAF2C /* DataRequest.swift */; };
		76A842F81EA7667D00BDAF2C /* ExposureRequest.swift in Sources */ = {isa = PBXBuildFile; fileRef = 76A842E01EA7667D00BDAF2C /* ExposureRequest.swift */; };
		76A842F91EA7667D00BDAF2C /* Date+Extensions.swift in Sources */ = {isa = PBXBuildFile; fileRef = 76A842E21EA7667D00BDAF2C /* Date+Extensions.swift */; };
		76A842FA1EA7667D00BDAF2C /* ExposureError.swift in Sources */ = {isa = PBXBuildFile; fileRef = 76A842E31EA7667D00BDAF2C /* ExposureError.swift */; };
		76A842FB1EA7667D00BDAF2C /* ExposureResponse.swift in Sources */ = {isa = PBXBuildFile; fileRef = 76A842E41EA7667D00BDAF2C /* ExposureResponse.swift */; };
		76A842FC1EA7667D00BDAF2C /* ExposureResponseMessage.swift in Sources */ = {isa = PBXBuildFile; fileRef = 76A842E51EA7667D00BDAF2C /* ExposureResponseMessage.swift */; };
		76A842FD1EA7667D00BDAF2C /* FetchServerTime.swift in Sources */ = {isa = PBXBuildFile; fileRef = 76A842E81EA7667D00BDAF2C /* FetchServerTime.swift */; };
		76A842FE1EA7667D00BDAF2C /* ServerTime.swift in Sources */ = {isa = PBXBuildFile; fileRef = 76A842EA1EA7667D00BDAF2C /* ServerTime.swift */; };
		76A844901EA7A3E000BDAF2C /* Alamofire.framework in Frameworks */ = {isa = PBXBuildFile; fileRef = 76A8448E1EA7A3E000BDAF2C /* Alamofire.framework */; };
		76A844911EA7A3E000BDAF2C /* SwiftyJSON.framework in Frameworks */ = {isa = PBXBuildFile; fileRef = 76A8448F1EA7A3E000BDAF2C /* SwiftyJSON.framework */; };
		76BBFB761EA8C039001DBDDB /* Cartfile.resolved in Resources */ = {isa = PBXBuildFile; fileRef = 76BBFB751EA8C039001DBDDB /* Cartfile.resolved */; };
		76BBFB781EA8C11B001DBDDB /* Quick.framework in Frameworks */ = {isa = PBXBuildFile; fileRef = 76BBFB771EA8C11B001DBDDB /* Quick.framework */; };
		76BBFB7A1EA8C11F001DBDDB /* Nimble.framework in Frameworks */ = {isa = PBXBuildFile; fileRef = 76BBFB791EA8C11F001DBDDB /* Nimble.framework */; };
		76BBFB7C1EA8CE80001DBDDB /* Cartfile.private in Resources */ = {isa = PBXBuildFile; fileRef = 76BBFB7B1EA8CE80001DBDDB /* Cartfile.private */; };
		76BBFBBF1EA8F669001DBDDB /* DeviceInfoSpec.swift in Sources */ = {isa = PBXBuildFile; fileRef = 76BBFBBE1EA8F669001DBDDB /* DeviceInfoSpec.swift */; };
		76BBFBC11EA8F6D2001DBDDB /* EnvironmentSpec.swift in Sources */ = {isa = PBXBuildFile; fileRef = 76BBFBC01EA8F6D2001DBDDB /* EnvironmentSpec.swift */; };
		76BBFBC31EA8FA8C001DBDDB /* AnonymousSpec.swift in Sources */ = {isa = PBXBuildFile; fileRef = 76BBFBC21EA8FA8C001DBDDB /* AnonymousSpec.swift */; };
		76BBFBCF1EAA0A8A001DBDDB /* Mockingjay.framework in Frameworks */ = {isa = PBXBuildFile; fileRef = 76BBFBCE1EAA0A8A001DBDDB /* Mockingjay.framework */; };
		76BBFBD31EAA4A33001DBDDB /* ExposureResponseMessage.swift in Sources */ = {isa = PBXBuildFile; fileRef = 76BBFBD21EAA4A33001DBDDB /* ExposureResponseMessage.swift */; };
		76DE9AC41ECCF99400D86C43 /* AssetList.swift in Sources */ = {isa = PBXBuildFile; fileRef = 76DE9AC31ECCF99400D86C43 /* AssetList.swift */; };
		76DE9ACB1ECD78FE00D86C43 /* FilteredFields.swift in Sources */ = {isa = PBXBuildFile; fileRef = 76DE9ACA1ECD78FE00D86C43 /* FilteredFields.swift */; };
		76DE9ACD1ECD790600D86C43 /* FilteredPublish.swift in Sources */ = {isa = PBXBuildFile; fileRef = 76DE9ACC1ECD790600D86C43 /* FilteredPublish.swift */; };
		76DE9ACF1ECD792B00D86C43 /* PageableResponse.swift in Sources */ = {isa = PBXBuildFile; fileRef = 76DE9ACE1ECD792B00D86C43 /* PageableResponse.swift */; };
/* End PBXBuildFile section */

/* Begin PBXContainerItemProxy section */
		76A842B21EA75EC900BDAF2C /* PBXContainerItemProxy */ = {
			isa = PBXContainerItemProxy;
			containerPortal = 76A8429E1EA75EC900BDAF2C /* Project object */;
			proxyType = 1;
			remoteGlobalIDString = 76A842A61EA75EC900BDAF2C;
			remoteInfo = Exposure;
		};
/* End PBXContainerItemProxy section */

/* Begin PBXFileReference section */
		761336AA1ECB50F300E316BF /* AssetRightsSpec.swift */ = {isa = PBXFileReference; fileEncoding = 4; lastKnownFileType = sourcecode.swift; path = AssetRightsSpec.swift; sourceTree = "<group>"; };
		761336AB1ECB50F300E316BF /* LinkedEntitySpec.swift */ = {isa = PBXFileReference; fileEncoding = 4; lastKnownFileType = sourcecode.swift; path = LinkedEntitySpec.swift; sourceTree = "<group>"; };
		761336AE1ECB860300E316BF /* DeviceRightsSpec.swift */ = {isa = PBXFileReference; fileEncoding = 4; lastKnownFileType = sourcecode.swift; path = DeviceRightsSpec.swift; sourceTree = "<group>"; };
		761336B01ECB8D2E00E316BF /* PublicationSpec.swift */ = {isa = PBXFileReference; fileEncoding = 4; lastKnownFileType = sourcecode.swift; path = PublicationSpec.swift; sourceTree = "<group>"; };
		761336B21ECC2C2600E316BF /* LocalizedDataSpec.swift */ = {isa = PBXFileReference; fileEncoding = 4; lastKnownFileType = sourcecode.swift; path = LocalizedDataSpec.swift; sourceTree = "<group>"; };
		761336B41ECC31E800E316BF /* AssetSpec.swift */ = {isa = PBXFileReference; fileEncoding = 4; lastKnownFileType = sourcecode.swift; path = AssetSpec.swift; sourceTree = "<group>"; };
		761336B61ECC40C100E316BF /* SeasonSpec.swift */ = {isa = PBXFileReference; fileEncoding = 4; lastKnownFileType = sourcecode.swift; path = SeasonSpec.swift; sourceTree = "<group>"; };
		761336B81ECCD61B00E316BF /* FetchAssetList.swift */ = {isa = PBXFileReference; fileEncoding = 4; lastKnownFileType = sourcecode.swift; path = FetchAssetList.swift; sourceTree = "<group>"; };
		76380D971EB8A7C600691342 /* Appfile */ = {isa = PBXFileReference; fileEncoding = 4; lastKnownFileType = text; name = Appfile; path = fastlane/Appfile; sourceTree = SOURCE_ROOT; };
		76380D981EB8A7C600691342 /* Fastfile */ = {isa = PBXFileReference; fileEncoding = 4; lastKnownFileType = text; name = Fastfile; path = fastlane/Fastfile; sourceTree = SOURCE_ROOT; xcLanguageSpecificationIdentifier = xcode.lang.ruby; };
		76529CF81ED6148B00318AE2 /* FetchAssetListSpec.swift */ = {isa = PBXFileReference; fileEncoding = 4; lastKnownFileType = sourcecode.swift; path = FetchAssetListSpec.swift; sourceTree = "<group>"; };
		76529CFA1EDBF2FE00318AE2 /* FilteredDevices.swift */ = {isa = PBXFileReference; fileEncoding = 4; lastKnownFileType = sourcecode.swift; path = FilteredDevices.swift; sourceTree = "<group>"; };
		76529CFC1EDBF61100318AE2 /* DeviceType.swift */ = {isa = PBXFileReference; fileEncoding = 4; lastKnownFileType = sourcecode.swift; path = DeviceType.swift; sourceTree = "<group>"; };
		76529D021EDC2EB600318AE2 /* SortedResponse.swift */ = {isa = PBXFileReference; fileEncoding = 4; lastKnownFileType = sourcecode.swift; path = SortedResponse.swift; sourceTree = "<group>"; };
		76529D041EDC4A1E00318AE2 /* ElasticSearch.swift */ = {isa = PBXFileReference; fileEncoding = 4; lastKnownFileType = sourcecode.swift; path = ElasticSearch.swift; sourceTree = "<group>"; };
		76529CFE1EDC23E100318AE2 /* Authenticate.swift */ = {isa = PBXFileReference; fileEncoding = 4; lastKnownFileType = sourcecode.swift; path = Authenticate.swift; sourceTree = "<group>"; };
		76529D001EDC254300318AE2 /* TwoFactorLogin.swift */ = {isa = PBXFileReference; fileEncoding = 4; lastKnownFileType = sourcecode.swift; path = TwoFactorLogin.swift; sourceTree = "<group>"; };
		7667AEB91EC1C44100C308FC /* .env */ = {isa = PBXFileReference; fileEncoding = 4; lastKnownFileType = text; name = .env; path = fastlane/.env; sourceTree = SOURCE_ROOT; };
		766FBB641EC9822B00EBEC53 /* Asset.swift */ = {isa = PBXFileReference; fileEncoding = 4; lastKnownFileType = sourcecode.swift; path = Asset.swift; sourceTree = "<group>"; };
		766FBB661EC9829200EBEC53 /* FetchAsset.swift */ = {isa = PBXFileReference; fileEncoding = 4; lastKnownFileType = sourcecode.swift; path = FetchAsset.swift; sourceTree = "<group>"; };
		766FBB6B1EC9A19B00EBEC53 /* Sequence+Extensions.swift */ = {isa = PBXFileReference; fileEncoding = 4; lastKnownFileType = sourcecode.swift; path = "Sequence+Extensions.swift"; sourceTree = "<group>"; };
		766FBB6D1EC9A96500EBEC53 /* FetchAssetById.swift */ = {isa = PBXFileReference; fileEncoding = 4; lastKnownFileType = sourcecode.swift; path = FetchAssetById.swift; sourceTree = "<group>"; };
		766FBB6F1EC9C49900EBEC53 /* FetchAssetsByIdSpec.swift */ = {isa = PBXFileReference; fileEncoding = 4; lastKnownFileType = sourcecode.swift; path = FetchAssetsByIdSpec.swift; sourceTree = "<group>"; };
		766FBB711ECA2A1B00EBEC53 /* LocalizedData.swift */ = {isa = PBXFileReference; fileEncoding = 4; lastKnownFileType = sourcecode.swift; path = LocalizedData.swift; sourceTree = "<group>"; };
		766FBB731ECA2A4600EBEC53 /* Image.swift */ = {isa = PBXFileReference; fileEncoding = 4; lastKnownFileType = sourcecode.swift; path = Image.swift; sourceTree = "<group>"; };
		766FBB751ECA2A6F00EBEC53 /* Tag.swift */ = {isa = PBXFileReference; fileEncoding = 4; lastKnownFileType = sourcecode.swift; path = Tag.swift; sourceTree = "<group>"; };
		766FBB771ECA2A9100EBEC53 /* Publication.swift */ = {isa = PBXFileReference; fileEncoding = 4; lastKnownFileType = sourcecode.swift; path = Publication.swift; sourceTree = "<group>"; };
		766FBB791ECA2AB500EBEC53 /* AssetRights.swift */ = {isa = PBXFileReference; fileEncoding = 4; lastKnownFileType = sourcecode.swift; path = AssetRights.swift; sourceTree = "<group>"; };
		766FBB7B1ECA2AD200EBEC53 /* DeviceRights.swift */ = {isa = PBXFileReference; fileEncoding = 4; lastKnownFileType = sourcecode.swift; path = DeviceRights.swift; sourceTree = "<group>"; };
		766FBB7D1ECA2B1600EBEC53 /* Season.swift */ = {isa = PBXFileReference; fileEncoding = 4; lastKnownFileType = sourcecode.swift; path = Season.swift; sourceTree = "<group>"; };
		766FBB7F1ECA2B2B00EBEC53 /* LinkedEntity.swift */ = {isa = PBXFileReference; fileEncoding = 4; lastKnownFileType = sourcecode.swift; path = LinkedEntity.swift; sourceTree = "<group>"; };
		766FBB811ECA2B3D00EBEC53 /* ExternalReference.swift */ = {isa = PBXFileReference; fileEncoding = 4; lastKnownFileType = sourcecode.swift; path = ExternalReference.swift; sourceTree = "<group>"; };
		766FBB831ECA2B6100EBEC53 /* Person.swift */ = {isa = PBXFileReference; fileEncoding = 4; lastKnownFileType = sourcecode.swift; path = Person.swift; sourceTree = "<group>"; };
		766FBB851ECA2B7400EBEC53 /* Media.swift */ = {isa = PBXFileReference; fileEncoding = 4; lastKnownFileType = sourcecode.swift; path = Media.swift; sourceTree = "<group>"; };
		766FBB871ECA2B9800EBEC53 /* ParentalRating.swift */ = {isa = PBXFileReference; fileEncoding = 4; lastKnownFileType = sourcecode.swift; path = ParentalRating.swift; sourceTree = "<group>"; };
		7670307E1ECB21150026CD70 /* TagsSpec.swift */ = {isa = PBXFileReference; fileEncoding = 4; lastKnownFileType = sourcecode.swift; path = TagsSpec.swift; sourceTree = "<group>"; };
		767030801ECB25E00026CD70 /* ImageSpec.swift */ = {isa = PBXFileReference; fileEncoding = 4; lastKnownFileType = sourcecode.swift; path = ImageSpec.swift; sourceTree = "<group>"; };
		767030821ECB27DC0026CD70 /* ParentalRatingSpec.swift */ = {isa = PBXFileReference; fileEncoding = 4; lastKnownFileType = sourcecode.swift; path = ParentalRatingSpec.swift; sourceTree = "<group>"; };
		767030841ECB29080026CD70 /* MediaSpec.swift */ = {isa = PBXFileReference; fileEncoding = 4; lastKnownFileType = sourcecode.swift; path = MediaSpec.swift; sourceTree = "<group>"; };
		767030861ECB2B1E0026CD70 /* PersonSpec.swift */ = {isa = PBXFileReference; fileEncoding = 4; lastKnownFileType = sourcecode.swift; path = PersonSpec.swift; sourceTree = "<group>"; };
		767030881ECB2BEB0026CD70 /* ExternalReferenceSpec.swift */ = {isa = PBXFileReference; fileEncoding = 4; lastKnownFileType = sourcecode.swift; path = ExternalReferenceSpec.swift; sourceTree = "<group>"; };
		7680EFCE1ED61034008528D1 /* AssetListSpec.swift */ = {isa = PBXFileReference; fileEncoding = 4; lastKnownFileType = sourcecode.swift; path = AssetListSpec.swift; sourceTree = "<group>"; };
		7693EDBF1EAA4BC400421551 /* FairplayConfigurationSpec.swift */ = {isa = PBXFileReference; fileEncoding = 4; lastKnownFileType = sourcecode.swift; path = FairplayConfigurationSpec.swift; sourceTree = "<group>"; };
		7693EDC11EAA513000421551 /* LoginSpec.swift */ = {isa = PBXFileReference; fileEncoding = 4; lastKnownFileType = sourcecode.swift; path = LoginSpec.swift; sourceTree = "<group>"; };
		7693EDC51EADE09F00421551 /* FetchServerTimeSpec.swift */ = {isa = PBXFileReference; fileEncoding = 4; lastKnownFileType = sourcecode.swift; path = FetchServerTimeSpec.swift; sourceTree = "<group>"; };
		7693EDC71EADE91300421551 /* SessionTokenSpec.swift */ = {isa = PBXFileReference; fileEncoding = 4; lastKnownFileType = sourcecode.swift; path = SessionTokenSpec.swift; sourceTree = "<group>"; };
		7693EDC91EADEB7300421551 /* CredentialsSpec.swift */ = {isa = PBXFileReference; fileEncoding = 4; lastKnownFileType = sourcecode.swift; path = CredentialsSpec.swift; sourceTree = "<group>"; };
		7693EDCB1EADED5C00421551 /* EDRMConfigurationSpec.swift */ = {isa = PBXFileReference; fileEncoding = 4; lastKnownFileType = sourcecode.swift; path = EDRMConfigurationSpec.swift; sourceTree = "<group>"; };
		7693EDCD1EADEE9300421551 /* ExposureSpec.swift */ = {isa = PBXFileReference; fileEncoding = 4; lastKnownFileType = sourcecode.swift; path = ExposureSpec.swift; sourceTree = "<group>"; };
		7693EDCF1EADF30300421551 /* PlayRequestSpec.swift */ = {isa = PBXFileReference; fileEncoding = 4; lastKnownFileType = sourcecode.swift; path = PlayRequestSpec.swift; sourceTree = "<group>"; };
		7693EDD31EADF90100421551 /* PlayVodSpec.swift */ = {isa = PBXFileReference; fileEncoding = 4; lastKnownFileType = sourcecode.swift; path = PlayVodSpec.swift; sourceTree = "<group>"; };
		7693EDD51EAE00FD00421551 /* PlaybackEntitlementSpec.swift */ = {isa = PBXFileReference; fileEncoding = 4; lastKnownFileType = sourcecode.swift; path = PlaybackEntitlementSpec.swift; sourceTree = "<group>"; };
		76A842A71EA75EC900BDAF2C /* Exposure.framework */ = {isa = PBXFileReference; explicitFileType = wrapper.framework; includeInIndex = 0; path = Exposure.framework; sourceTree = BUILT_PRODUCTS_DIR; };
		76A842AA1EA75EC900BDAF2C /* Exposure.h */ = {isa = PBXFileReference; lastKnownFileType = sourcecode.c.h; path = Exposure.h; sourceTree = "<group>"; };
		76A842AB1EA75EC900BDAF2C /* Info.plist */ = {isa = PBXFileReference; lastKnownFileType = text.plist.xml; path = Info.plist; sourceTree = "<group>"; };
		76A842B01EA75EC900BDAF2C /* ExposureTests.xctest */ = {isa = PBXFileReference; explicitFileType = wrapper.cfbundle; includeInIndex = 0; path = ExposureTests.xctest; sourceTree = BUILT_PRODUCTS_DIR; };
		76A842B71EA75EC900BDAF2C /* Info.plist */ = {isa = PBXFileReference; lastKnownFileType = text.plist.xml; path = Info.plist; sourceTree = "<group>"; };
		76A842C11EA7604F00BDAF2C /* Cartfile */ = {isa = PBXFileReference; fileEncoding = 4; lastKnownFileType = text; path = Cartfile; sourceTree = SOURCE_ROOT; };
		76A842CB1EA7667D00BDAF2C /* DeviceInfo.swift */ = {isa = PBXFileReference; fileEncoding = 4; lastKnownFileType = sourcecode.swift; path = DeviceInfo.swift; sourceTree = "<group>"; };
		76A842CD1EA7667D00BDAF2C /* Anonymous.swift */ = {isa = PBXFileReference; fileEncoding = 4; lastKnownFileType = sourcecode.swift; path = Anonymous.swift; sourceTree = "<group>"; };
		76A842CE1EA7667D00BDAF2C /* Login.swift */ = {isa = PBXFileReference; fileEncoding = 4; lastKnownFileType = sourcecode.swift; path = Login.swift; sourceTree = "<group>"; };
		76A842D01EA7667D00BDAF2C /* Credentials.swift */ = {isa = PBXFileReference; fileEncoding = 4; lastKnownFileType = sourcecode.swift; path = Credentials.swift; sourceTree = "<group>"; };
		76A842D11EA7667D00BDAF2C /* SessionToken.swift */ = {isa = PBXFileReference; fileEncoding = 4; lastKnownFileType = sourcecode.swift; path = SessionToken.swift; sourceTree = "<group>"; };
		76A842D41EA7667D00BDAF2C /* PlayRequest.swift */ = {isa = PBXFileReference; fileEncoding = 4; lastKnownFileType = sourcecode.swift; path = PlayRequest.swift; sourceTree = "<group>"; };
		76A842D61EA7667D00BDAF2C /* PlayVod.swift */ = {isa = PBXFileReference; fileEncoding = 4; lastKnownFileType = sourcecode.swift; path = PlayVod.swift; sourceTree = "<group>"; };
		76A842D81EA7667D00BDAF2C /* EDRMConfiguration.swift */ = {isa = PBXFileReference; fileEncoding = 4; lastKnownFileType = sourcecode.swift; path = EDRMConfiguration.swift; sourceTree = "<group>"; };
		76A842D91EA7667D00BDAF2C /* FairplayConfiguration.swift */ = {isa = PBXFileReference; fileEncoding = 4; lastKnownFileType = sourcecode.swift; path = FairplayConfiguration.swift; sourceTree = "<group>"; };
		76A842DA1EA7667D00BDAF2C /* PlaybackEntitlement.swift */ = {isa = PBXFileReference; fileEncoding = 4; lastKnownFileType = sourcecode.swift; path = PlaybackEntitlement.swift; sourceTree = "<group>"; };
		76A842DB1EA7667D00BDAF2C /* Exposure.swift */ = {isa = PBXFileReference; fileEncoding = 4; lastKnownFileType = sourcecode.swift; path = Exposure.swift; sourceTree = "<group>"; };
		76A842DD1EA7667D00BDAF2C /* Environment.swift */ = {isa = PBXFileReference; fileEncoding = 4; lastKnownFileType = sourcecode.swift; path = Environment.swift; sourceTree = "<group>"; };
		76A842DF1EA7667D00BDAF2C /* DataRequest.swift */ = {isa = PBXFileReference; fileEncoding = 4; lastKnownFileType = sourcecode.swift; path = DataRequest.swift; sourceTree = "<group>"; };
		76A842E01EA7667D00BDAF2C /* ExposureRequest.swift */ = {isa = PBXFileReference; fileEncoding = 4; lastKnownFileType = sourcecode.swift; path = ExposureRequest.swift; sourceTree = "<group>"; };
		76A842E21EA7667D00BDAF2C /* Date+Extensions.swift */ = {isa = PBXFileReference; fileEncoding = 4; lastKnownFileType = sourcecode.swift; path = "Date+Extensions.swift"; sourceTree = "<group>"; };
		76A842E31EA7667D00BDAF2C /* ExposureError.swift */ = {isa = PBXFileReference; fileEncoding = 4; lastKnownFileType = sourcecode.swift; path = ExposureError.swift; sourceTree = "<group>"; };
		76A842E41EA7667D00BDAF2C /* ExposureResponse.swift */ = {isa = PBXFileReference; fileEncoding = 4; lastKnownFileType = sourcecode.swift; path = ExposureResponse.swift; sourceTree = "<group>"; };
		76A842E51EA7667D00BDAF2C /* ExposureResponseMessage.swift */ = {isa = PBXFileReference; fileEncoding = 4; lastKnownFileType = sourcecode.swift; path = ExposureResponseMessage.swift; sourceTree = "<group>"; };
		76A842E81EA7667D00BDAF2C /* FetchServerTime.swift */ = {isa = PBXFileReference; fileEncoding = 4; lastKnownFileType = sourcecode.swift; path = FetchServerTime.swift; sourceTree = "<group>"; };
		76A842EA1EA7667D00BDAF2C /* ServerTime.swift */ = {isa = PBXFileReference; fileEncoding = 4; lastKnownFileType = sourcecode.swift; path = ServerTime.swift; sourceTree = "<group>"; };
		76A8448E1EA7A3E000BDAF2C /* Alamofire.framework */ = {isa = PBXFileReference; lastKnownFileType = wrapper.framework; name = Alamofire.framework; path = "../../../../../../../Library/Developer/Xcode/DerivedData/iOSClient-gqrtyoluyawgxzelawxywyzbisfk/Build/Products/Debug-iphoneos/Alamofire.framework"; sourceTree = "<group>"; };
		76A8448F1EA7A3E000BDAF2C /* SwiftyJSON.framework */ = {isa = PBXFileReference; lastKnownFileType = wrapper.framework; name = SwiftyJSON.framework; path = "../../../../../../../Library/Developer/Xcode/DerivedData/iOSClient-gqrtyoluyawgxzelawxywyzbisfk/Build/Products/Debug-iphoneos/SwiftyJSON.framework"; sourceTree = "<group>"; };
		76BBFB751EA8C039001DBDDB /* Cartfile.resolved */ = {isa = PBXFileReference; fileEncoding = 4; lastKnownFileType = text; path = Cartfile.resolved; sourceTree = SOURCE_ROOT; };
		76BBFB771EA8C11B001DBDDB /* Quick.framework */ = {isa = PBXFileReference; lastKnownFileType = wrapper.framework; name = Quick.framework; path = "Carthage/Checkouts/Quick/build/Debug-iphoneos/Quick.framework"; sourceTree = "<group>"; };
		76BBFB791EA8C11F001DBDDB /* Nimble.framework */ = {isa = PBXFileReference; lastKnownFileType = wrapper.framework; name = Nimble.framework; path = "Carthage/Checkouts/Nimble/build/Debug-iphoneos/Nimble.framework"; sourceTree = "<group>"; };
		76BBFB7B1EA8CE80001DBDDB /* Cartfile.private */ = {isa = PBXFileReference; fileEncoding = 4; lastKnownFileType = text; path = Cartfile.private; sourceTree = SOURCE_ROOT; };
		76BBFBBE1EA8F669001DBDDB /* DeviceInfoSpec.swift */ = {isa = PBXFileReference; fileEncoding = 4; lastKnownFileType = sourcecode.swift; path = DeviceInfoSpec.swift; sourceTree = "<group>"; };
		76BBFBC01EA8F6D2001DBDDB /* EnvironmentSpec.swift */ = {isa = PBXFileReference; fileEncoding = 4; lastKnownFileType = sourcecode.swift; path = EnvironmentSpec.swift; sourceTree = "<group>"; };
		76BBFBC21EA8FA8C001DBDDB /* AnonymousSpec.swift */ = {isa = PBXFileReference; fileEncoding = 4; lastKnownFileType = sourcecode.swift; path = AnonymousSpec.swift; sourceTree = "<group>"; };
		76BBFBC71EA91633001DBDDB /* Mockingjay.framework */ = {isa = PBXFileReference; lastKnownFileType = wrapper.framework; name = Mockingjay.framework; path = "../../../../Library/Developer/Xcode/DerivedData/Exposure-gglcwgykolxtgrbpbjcnhucvdesj/Build/Products/Debug-iphonesimulator/Mockingjay.framework"; sourceTree = "<group>"; };
		76BBFBCE1EAA0A8A001DBDDB /* Mockingjay.framework */ = {isa = PBXFileReference; lastKnownFileType = wrapper.framework; name = Mockingjay.framework; path = Carthage/Checkouts/Mockingjay/build/Debug/Mockingjay.framework; sourceTree = "<group>"; };
		76BBFBD21EAA4A33001DBDDB /* ExposureResponseMessage.swift */ = {isa = PBXFileReference; fileEncoding = 4; lastKnownFileType = sourcecode.swift; path = ExposureResponseMessage.swift; sourceTree = "<group>"; };
		76DE9AC31ECCF99400D86C43 /* AssetList.swift */ = {isa = PBXFileReference; fileEncoding = 4; lastKnownFileType = sourcecode.swift; path = AssetList.swift; sourceTree = "<group>"; };
		76DE9ACA1ECD78FE00D86C43 /* FilteredFields.swift */ = {isa = PBXFileReference; fileEncoding = 4; lastKnownFileType = sourcecode.swift; path = FilteredFields.swift; sourceTree = "<group>"; };
		76DE9ACC1ECD790600D86C43 /* FilteredPublish.swift */ = {isa = PBXFileReference; fileEncoding = 4; lastKnownFileType = sourcecode.swift; path = FilteredPublish.swift; sourceTree = "<group>"; };
		76DE9ACE1ECD792B00D86C43 /* PageableResponse.swift */ = {isa = PBXFileReference; fileEncoding = 4; lastKnownFileType = sourcecode.swift; path = PageableResponse.swift; sourceTree = "<group>"; };
/* End PBXFileReference section */

/* Begin PBXFrameworksBuildPhase section */
		76A842A31EA75EC900BDAF2C /* Frameworks */ = {
			isa = PBXFrameworksBuildPhase;
			buildActionMask = 2147483647;
			files = (
				76A844901EA7A3E000BDAF2C /* Alamofire.framework in Frameworks */,
				76A844911EA7A3E000BDAF2C /* SwiftyJSON.framework in Frameworks */,
			);
			runOnlyForDeploymentPostprocessing = 0;
		};
		76A842AD1EA75EC900BDAF2C /* Frameworks */ = {
			isa = PBXFrameworksBuildPhase;
			buildActionMask = 2147483647;
			files = (
				76A842B11EA75EC900BDAF2C /* Exposure.framework in Frameworks */,
				76BBFB781EA8C11B001DBDDB /* Quick.framework in Frameworks */,
				76BBFB7A1EA8C11F001DBDDB /* Nimble.framework in Frameworks */,
				76BBFBCF1EAA0A8A001DBDDB /* Mockingjay.framework in Frameworks */,
			);
			runOnlyForDeploymentPostprocessing = 0;
		};
/* End PBXFrameworksBuildPhase section */

/* Begin PBXGroup section */
		76380DA51EBC784800691342 /* fastlane */ = {
			isa = PBXGroup;
			children = (
				76380D971EB8A7C600691342 /* Appfile */,
				76380D981EB8A7C600691342 /* Fastfile */,
				7667AEB91EC1C44100C308FC /* .env */,
			);
			name = fastlane;
			sourceTree = "<group>";
		};
		766FBB5E1EC9816700EBEC53 /* Asset */ = {
			isa = PBXGroup;
			children = (
				76DE9AC91ECD78FE00D86C43 /* Parameters */,
				766FBB601EC9819600EBEC53 /* Request */,
				766FBB611EC9819600EBEC53 /* Response */,
			);
			path = Asset;
			sourceTree = "<group>";
		};
		766FBB601EC9819600EBEC53 /* Request */ = {
			isa = PBXGroup;
			children = (
				766FBB661EC9829200EBEC53 /* FetchAsset.swift */,
				766FBB6D1EC9A96500EBEC53 /* FetchAssetById.swift */,
				761336B81ECCD61B00E316BF /* FetchAssetList.swift */,
			);
			path = Request;
			sourceTree = "<group>";
		};
		766FBB611EC9819600EBEC53 /* Response */ = {
			isa = PBXGroup;
			children = (
				76DE9AC31ECCF99400D86C43 /* AssetList.swift */,
				766FBB641EC9822B00EBEC53 /* Asset.swift */,
				766FBB711ECA2A1B00EBEC53 /* LocalizedData.swift */,
				766FBB731ECA2A4600EBEC53 /* Image.swift */,
				766FBB751ECA2A6F00EBEC53 /* Tag.swift */,
				766FBB771ECA2A9100EBEC53 /* Publication.swift */,
				766FBB791ECA2AB500EBEC53 /* AssetRights.swift */,
				766FBB7B1ECA2AD200EBEC53 /* DeviceRights.swift */,
				766FBB7D1ECA2B1600EBEC53 /* Season.swift */,
				766FBB7F1ECA2B2B00EBEC53 /* LinkedEntity.swift */,
				766FBB811ECA2B3D00EBEC53 /* ExternalReference.swift */,
				766FBB831ECA2B6100EBEC53 /* Person.swift */,
				766FBB851ECA2B7400EBEC53 /* Media.swift */,
				766FBB871ECA2B9800EBEC53 /* ParentalRating.swift */,
			);
			path = Response;
			sourceTree = "<group>";
		};
		766FBB681EC9A17800EBEC53 /* Extensions */ = {
			isa = PBXGroup;
			children = (
				766FBB6B1EC9A19B00EBEC53 /* Sequence+Extensions.swift */,
			);
			path = Extensions;
			sourceTree = "<group>";
		};
		7670307D1ECB210C0026CD70 /* Asset */ = {
			isa = PBXGroup;
			children = (
				7670307E1ECB21150026CD70 /* TagsSpec.swift */,
				767030801ECB25E00026CD70 /* ImageSpec.swift */,
				767030821ECB27DC0026CD70 /* ParentalRatingSpec.swift */,
				767030841ECB29080026CD70 /* MediaSpec.swift */,
				767030861ECB2B1E0026CD70 /* PersonSpec.swift */,
				767030881ECB2BEB0026CD70 /* ExternalReferenceSpec.swift */,
				761336AA1ECB50F300E316BF /* AssetRightsSpec.swift */,
				761336AB1ECB50F300E316BF /* LinkedEntitySpec.swift */,
				761336AE1ECB860300E316BF /* DeviceRightsSpec.swift */,
				761336B01ECB8D2E00E316BF /* PublicationSpec.swift */,
				761336B21ECC2C2600E316BF /* LocalizedDataSpec.swift */,
				761336B41ECC31E800E316BF /* AssetSpec.swift */,
				761336B61ECC40C100E316BF /* SeasonSpec.swift */,
				7680EFCE1ED61034008528D1 /* AssetListSpec.swift */,
			);
			path = Asset;
			sourceTree = "<group>";
		};
		76A8429D1EA75EC900BDAF2C = {
			isa = PBXGroup;
			children = (
				76A842A91EA75EC900BDAF2C /* Exposure */,
				76A842B41EA75EC900BDAF2C /* ExposureTests */,
				76A842A81EA75EC900BDAF2C /* Products */,
				76A842C31EA7653600BDAF2C /* Frameworks */,
			);
			sourceTree = "<group>";
		};
		76A842A81EA75EC900BDAF2C /* Products */ = {
			isa = PBXGroup;
			children = (
				76A842A71EA75EC900BDAF2C /* Exposure.framework */,
				76A842B01EA75EC900BDAF2C /* ExposureTests.xctest */,
			);
			name = Products;
			sourceTree = "<group>";
		};
		76A842A91EA75EC900BDAF2C /* Exposure */ = {
			isa = PBXGroup;
			children = (
				76380DA51EBC784800691342 /* fastlane */,
				76A842C11EA7604F00BDAF2C /* Cartfile */,
				76BBFB7B1EA8CE80001DBDDB /* Cartfile.private */,
				76BBFB751EA8C039001DBDDB /* Cartfile.resolved */,
				76A842AA1EA75EC900BDAF2C /* Exposure.h */,
				76A842AB1EA75EC900BDAF2C /* Info.plist */,
				766FBB5E1EC9816700EBEC53 /* Asset */,
				76A842C91EA7667D00BDAF2C /* Authentication */,
				76A842D21EA7667D00BDAF2C /* Entitlements */,
				76A842DB1EA7667D00BDAF2C /* Exposure.swift */,
				76A842DC1EA7667D00BDAF2C /* Parameters */,
				76A842DE1EA7667D00BDAF2C /* Request */,
				76A842E11EA7667D00BDAF2C /* Response */,
				76A842E61EA7667D00BDAF2C /* Time */,
				766FBB681EC9A17800EBEC53 /* Extensions */,
			);
			path = Exposure;
			sourceTree = "<group>";
		};
		76A842B41EA75EC900BDAF2C /* ExposureTests */ = {
			isa = PBXGroup;
			children = (
				76A842B71EA75EC900BDAF2C /* Info.plist */,
				76BBFBBE1EA8F669001DBDDB /* DeviceInfoSpec.swift */,
				76BBFBC01EA8F6D2001DBDDB /* EnvironmentSpec.swift */,
				76BBFBC21EA8FA8C001DBDDB /* AnonymousSpec.swift */,
				7693EDC11EAA513000421551 /* LoginSpec.swift */,
				76BBFBD21EAA4A33001DBDDB /* ExposureResponseMessage.swift */,
				7693EDBF1EAA4BC400421551 /* FairplayConfigurationSpec.swift */,
				7693EDC51EADE09F00421551 /* FetchServerTimeSpec.swift */,
				7693EDC71EADE91300421551 /* SessionTokenSpec.swift */,
				7693EDC91EADEB7300421551 /* CredentialsSpec.swift */,
				7693EDCB1EADED5C00421551 /* EDRMConfigurationSpec.swift */,
				7693EDCD1EADEE9300421551 /* ExposureSpec.swift */,
				7693EDCF1EADF30300421551 /* PlayRequestSpec.swift */,
				7693EDD31EADF90100421551 /* PlayVodSpec.swift */,
				7693EDD51EAE00FD00421551 /* PlaybackEntitlementSpec.swift */,
				766FBB6F1EC9C49900EBEC53 /* FetchAssetsByIdSpec.swift */,
				76529CF81ED6148B00318AE2 /* FetchAssetListSpec.swift */,
				7670307D1ECB210C0026CD70 /* Asset */,
			);
			path = ExposureTests;
			sourceTree = "<group>";
		};
		76A842C31EA7653600BDAF2C /* Frameworks */ = {
			isa = PBXGroup;
			children = (
				76BBFBCE1EAA0A8A001DBDDB /* Mockingjay.framework */,
				76BBFBC71EA91633001DBDDB /* Mockingjay.framework */,
				76BBFB791EA8C11F001DBDDB /* Nimble.framework */,
				76BBFB771EA8C11B001DBDDB /* Quick.framework */,
				76A8448E1EA7A3E000BDAF2C /* Alamofire.framework */,
				76A8448F1EA7A3E000BDAF2C /* SwiftyJSON.framework */,
			);
			name = Frameworks;
			sourceTree = "<group>";
		};
		76A842C91EA7667D00BDAF2C /* Authentication */ = {
			isa = PBXGroup;
			children = (
				76A842CA1EA7667D00BDAF2C /* Parameters */,
				76A842CC1EA7667D00BDAF2C /* Request */,
				76A842CF1EA7667D00BDAF2C /* Response */,
			);
			path = Authentication;
			sourceTree = "<group>";
		};
		76A842CA1EA7667D00BDAF2C /* Parameters */ = {
			isa = PBXGroup;
			children = (
				76A842CB1EA7667D00BDAF2C /* DeviceInfo.swift */,
				76529CFC1EDBF61100318AE2 /* DeviceType.swift */,
			);
			path = Parameters;
			sourceTree = "<group>";
		};
		76A842CC1EA7667D00BDAF2C /* Request */ = {
			isa = PBXGroup;
			children = (
				76529CFE1EDC23E100318AE2 /* Authenticate.swift */,
				76A842CD1EA7667D00BDAF2C /* Anonymous.swift */,
				76A842CE1EA7667D00BDAF2C /* Login.swift */,
				76529D001EDC254300318AE2 /* TwoFactorLogin.swift */,
			);
			path = Request;
			sourceTree = "<group>";
		};
		76A842CF1EA7667D00BDAF2C /* Response */ = {
			isa = PBXGroup;
			children = (
				76A842D01EA7667D00BDAF2C /* Credentials.swift */,
				76A842D11EA7667D00BDAF2C /* SessionToken.swift */,
			);
			path = Response;
			sourceTree = "<group>";
		};
		76A842D21EA7667D00BDAF2C /* Entitlements */ = {
			isa = PBXGroup;
			children = (
				76A842D31EA7667D00BDAF2C /* Parameters */,
				76A842D51EA7667D00BDAF2C /* Request */,
				76A842D71EA7667D00BDAF2C /* Response */,
			);
			path = Entitlements;
			sourceTree = "<group>";
		};
		76A842D31EA7667D00BDAF2C /* Parameters */ = {
			isa = PBXGroup;
			children = (
				76A842D41EA7667D00BDAF2C /* PlayRequest.swift */,
			);
			path = Parameters;
			sourceTree = "<group>";
		};
		76A842D51EA7667D00BDAF2C /* Request */ = {
			isa = PBXGroup;
			children = (
				76A842D61EA7667D00BDAF2C /* PlayVod.swift */,
			);
			path = Request;
			sourceTree = "<group>";
		};
		76A842D71EA7667D00BDAF2C /* Response */ = {
			isa = PBXGroup;
			children = (
				76A842DA1EA7667D00BDAF2C /* PlaybackEntitlement.swift */,
				76A842D81EA7667D00BDAF2C /* EDRMConfiguration.swift */,
				76A842D91EA7667D00BDAF2C /* FairplayConfiguration.swift */,
			);
			path = Response;
			sourceTree = "<group>";
		};
		76A842DC1EA7667D00BDAF2C /* Parameters */ = {
			isa = PBXGroup;
			children = (
				76A842DD1EA7667D00BDAF2C /* Environment.swift */,
			);
			path = Parameters;
			sourceTree = "<group>";
		};
		76A842DE1EA7667D00BDAF2C /* Request */ = {
			isa = PBXGroup;
			children = (
				76A842DF1EA7667D00BDAF2C /* DataRequest.swift */,
				76A842E01EA7667D00BDAF2C /* ExposureRequest.swift */,
			);
			path = Request;
			sourceTree = "<group>";
		};
		76A842E11EA7667D00BDAF2C /* Response */ = {
			isa = PBXGroup;
			children = (
				76A842E21EA7667D00BDAF2C /* Date+Extensions.swift */,
				76A842E31EA7667D00BDAF2C /* ExposureError.swift */,
				76A842E41EA7667D00BDAF2C /* ExposureResponse.swift */,
				76A842E51EA7667D00BDAF2C /* ExposureResponseMessage.swift */,
			);
			path = Response;
			sourceTree = "<group>";
		};
		76A842E61EA7667D00BDAF2C /* Time */ = {
			isa = PBXGroup;
			children = (
				76A842E71EA7667D00BDAF2C /* Request */,
				76A842E91EA7667D00BDAF2C /* Response */,
			);
			path = Time;
			sourceTree = "<group>";
		};
		76A842E71EA7667D00BDAF2C /* Request */ = {
			isa = PBXGroup;
			children = (
				76A842E81EA7667D00BDAF2C /* FetchServerTime.swift */,
			);
			path = Request;
			sourceTree = "<group>";
		};
		76A842E91EA7667D00BDAF2C /* Response */ = {
			isa = PBXGroup;
			children = (
				76A842EA1EA7667D00BDAF2C /* ServerTime.swift */,
			);
			path = Response;
			sourceTree = "<group>";
		};
		76DE9AC91ECD78FE00D86C43 /* Parameters */ = {
			isa = PBXGroup;
			children = (
				76DE9ACA1ECD78FE00D86C43 /* FilteredFields.swift */,
				76DE9ACC1ECD790600D86C43 /* FilteredPublish.swift */,
				76DE9ACE1ECD792B00D86C43 /* PageableResponse.swift */,
				76529CFA1EDBF2FE00318AE2 /* FilteredDevices.swift */,
				76529D021EDC2EB600318AE2 /* SortedResponse.swift */,
				76529D041EDC4A1E00318AE2 /* ElasticSearch.swift */,
			);
			path = Parameters;
			sourceTree = "<group>";
		};
/* End PBXGroup section */

/* Begin PBXHeadersBuildPhase section */
		76A842A41EA75EC900BDAF2C /* Headers */ = {
			isa = PBXHeadersBuildPhase;
			buildActionMask = 2147483647;
			files = (
				76A842B81EA75EC900BDAF2C /* Exposure.h in Headers */,
			);
			runOnlyForDeploymentPostprocessing = 0;
		};
/* End PBXHeadersBuildPhase section */

/* Begin PBXNativeTarget section */
		76A842A61EA75EC900BDAF2C /* Exposure */ = {
			isa = PBXNativeTarget;
			buildConfigurationList = 76A842BB1EA75EC900BDAF2C /* Build configuration list for PBXNativeTarget "Exposure" */;
			buildPhases = (
				76A842A21EA75EC900BDAF2C /* Sources */,
				76A842A31EA75EC900BDAF2C /* Frameworks */,
				76A842A41EA75EC900BDAF2C /* Headers */,
				76A842A51EA75EC900BDAF2C /* Resources */,
			);
			buildRules = (
			);
			dependencies = (
			);
			name = Exposure;
			productName = Exposure;
			productReference = 76A842A71EA75EC900BDAF2C /* Exposure.framework */;
			productType = "com.apple.product-type.framework";
		};
		76A842AF1EA75EC900BDAF2C /* ExposureTests */ = {
			isa = PBXNativeTarget;
			buildConfigurationList = 76A842BE1EA75EC900BDAF2C /* Build configuration list for PBXNativeTarget "ExposureTests" */;
			buildPhases = (
				76A842AC1EA75EC900BDAF2C /* Sources */,
				76A842AD1EA75EC900BDAF2C /* Frameworks */,
				76A842AE1EA75EC900BDAF2C /* Resources */,
			);
			buildRules = (
			);
			dependencies = (
				76A842B31EA75EC900BDAF2C /* PBXTargetDependency */,
			);
			name = ExposureTests;
			productName = ExposureTests;
			productReference = 76A842B01EA75EC900BDAF2C /* ExposureTests.xctest */;
			productType = "com.apple.product-type.bundle.unit-test";
		};
/* End PBXNativeTarget section */

/* Begin PBXProject section */
		76A8429E1EA75EC900BDAF2C /* Project object */ = {
			isa = PBXProject;
			attributes = {
				LastSwiftUpdateCheck = 0820;
				LastUpgradeCheck = 0820;
				ORGANIZATIONNAME = emp;
				TargetAttributes = {
					76A842A61EA75EC900BDAF2C = {
						CreatedOnToolsVersion = 8.2.1;
						DevelopmentTeam = JCUPRVKEC5;
						LastSwiftMigration = 0820;
						ProvisioningStyle = Automatic;
					};
					76A842AF1EA75EC900BDAF2C = {
						CreatedOnToolsVersion = 8.2.1;
						DevelopmentTeam = JCUPRVKEC5;
						ProvisioningStyle = Automatic;
					};
				};
			};
			buildConfigurationList = 76A842A11EA75EC900BDAF2C /* Build configuration list for PBXProject "Exposure" */;
			compatibilityVersion = "Xcode 3.2";
			developmentRegion = English;
			hasScannedForEncodings = 0;
			knownRegions = (
				en,
			);
			mainGroup = 76A8429D1EA75EC900BDAF2C;
			productRefGroup = 76A842A81EA75EC900BDAF2C /* Products */;
			projectDirPath = "";
			projectRoot = "";
			targets = (
				76A842A61EA75EC900BDAF2C /* Exposure */,
				76A842AF1EA75EC900BDAF2C /* ExposureTests */,
			);
		};
/* End PBXProject section */

/* Begin PBXResourcesBuildPhase section */
		76A842A51EA75EC900BDAF2C /* Resources */ = {
			isa = PBXResourcesBuildPhase;
			buildActionMask = 2147483647;
			files = (
				76380D9A1EB8A7C600691342 /* Fastfile in Resources */,
				76380D991EB8A7C600691342 /* Appfile in Resources */,
				76A842C21EA7604F00BDAF2C /* Cartfile in Resources */,
				7667AEBA1EC1C44100C308FC /* .env in Resources */,
				76BBFB7C1EA8CE80001DBDDB /* Cartfile.private in Resources */,
				76BBFB761EA8C039001DBDDB /* Cartfile.resolved in Resources */,
			);
			runOnlyForDeploymentPostprocessing = 0;
		};
		76A842AE1EA75EC900BDAF2C /* Resources */ = {
			isa = PBXResourcesBuildPhase;
			buildActionMask = 2147483647;
			files = (
			);
			runOnlyForDeploymentPostprocessing = 0;
		};
/* End PBXResourcesBuildPhase section */

/* Begin PBXSourcesBuildPhase section */
		76A842A21EA75EC900BDAF2C /* Sources */ = {
			isa = PBXSourcesBuildPhase;
			buildActionMask = 2147483647;
			files = (
				76529D051EDC4A1E00318AE2 /* ElasticSearch.swift in Sources */,
				76A842ED1EA7667D00BDAF2C /* Login.swift in Sources */,
				766FBB801ECA2B2B00EBEC53 /* LinkedEntity.swift in Sources */,
				76A842FE1EA7667D00BDAF2C /* ServerTime.swift in Sources */,
				76A842FB1EA7667D00BDAF2C /* ExposureResponse.swift in Sources */,
				76A842F61EA7667D00BDAF2C /* Environment.swift in Sources */,
				766FBB7C1ECA2AD200EBEC53 /* DeviceRights.swift in Sources */,
				76529CFD1EDBF61100318AE2 /* DeviceType.swift in Sources */,
				76A842EB1EA7667D00BDAF2C /* DeviceInfo.swift in Sources */,
				76A842FA1EA7667D00BDAF2C /* ExposureError.swift in Sources */,
				76DE9AC41ECCF99400D86C43 /* AssetList.swift in Sources */,
				76A842FD1EA7667D00BDAF2C /* FetchServerTime.swift in Sources */,
				76DE9ACB1ECD78FE00D86C43 /* FilteredFields.swift in Sources */,
				766FBB861ECA2B7400EBEC53 /* Media.swift in Sources */,
				766FBB6C1EC9A19B00EBEC53 /* Sequence+Extensions.swift in Sources */,
				76A842FC1EA7667D00BDAF2C /* ExposureResponseMessage.swift in Sources */,
				76529CFF1EDC23E100318AE2 /* Authenticate.swift in Sources */,
				76A842F21EA7667D00BDAF2C /* EDRMConfiguration.swift in Sources */,
				766FBB671EC9829200EBEC53 /* FetchAsset.swift in Sources */,
				76A842EF1EA7667D00BDAF2C /* SessionToken.swift in Sources */,
				766FBB841ECA2B6100EBEC53 /* Person.swift in Sources */,
				76A842F71EA7667D00BDAF2C /* DataRequest.swift in Sources */,
				76A842F41EA7667D00BDAF2C /* PlaybackEntitlement.swift in Sources */,
				766FBB781ECA2A9100EBEC53 /* Publication.swift in Sources */,
				76529D011EDC254300318AE2 /* TwoFactorLogin.swift in Sources */,
				76A842EE1EA7667D00BDAF2C /* Credentials.swift in Sources */,
				76A842F91EA7667D00BDAF2C /* Date+Extensions.swift in Sources */,
				76A842F81EA7667D00BDAF2C /* ExposureRequest.swift in Sources */,
				766FBB6E1EC9A96500EBEC53 /* FetchAssetById.swift in Sources */,
				766FBB881ECA2B9800EBEC53 /* ParentalRating.swift in Sources */,
				766FBB651EC9822B00EBEC53 /* Asset.swift in Sources */,
				76DE9ACF1ECD792B00D86C43 /* PageableResponse.swift in Sources */,
				766FBB741ECA2A4600EBEC53 /* Image.swift in Sources */,
				766FBB721ECA2A1B00EBEC53 /* LocalizedData.swift in Sources */,
				76A842F51EA7667D00BDAF2C /* Exposure.swift in Sources */,
				76DE9ACD1ECD790600D86C43 /* FilteredPublish.swift in Sources */,
				766FBB7A1ECA2AB500EBEC53 /* AssetRights.swift in Sources */,
				76A842EC1EA7667D00BDAF2C /* Anonymous.swift in Sources */,
				766FBB821ECA2B3D00EBEC53 /* ExternalReference.swift in Sources */,
				76A842F31EA7667D00BDAF2C /* FairplayConfiguration.swift in Sources */,
				766FBB7E1ECA2B1600EBEC53 /* Season.swift in Sources */,
				766FBB761ECA2A6F00EBEC53 /* Tag.swift in Sources */,
				76A842F01EA7667D00BDAF2C /* PlayRequest.swift in Sources */,
				76A842F11EA7667D00BDAF2C /* PlayVod.swift in Sources */,
				76529CFB1EDBF2FE00318AE2 /* FilteredDevices.swift in Sources */,
				761336B91ECCD61B00E316BF /* FetchAssetList.swift in Sources */,
				76529D031EDC2EB600318AE2 /* SortedResponse.swift in Sources */,
			);
			runOnlyForDeploymentPostprocessing = 0;
		};
		76A842AC1EA75EC900BDAF2C /* Sources */ = {
			isa = PBXSourcesBuildPhase;
			buildActionMask = 2147483647;
			files = (
				76BBFBC11EA8F6D2001DBDDB /* EnvironmentSpec.swift in Sources */,
				7693EDC81EADE91300421551 /* SessionTokenSpec.swift in Sources */,
				7693EDD01EADF30300421551 /* PlayRequestSpec.swift in Sources */,
				767030891ECB2BEB0026CD70 /* ExternalReferenceSpec.swift in Sources */,
				7670307F1ECB21150026CD70 /* TagsSpec.swift in Sources */,
				761336AF1ECB860300E316BF /* DeviceRightsSpec.swift in Sources */,
				7680EFCF1ED61034008528D1 /* AssetListSpec.swift in Sources */,
				761336AD1ECB50F300E316BF /* LinkedEntitySpec.swift in Sources */,
				76BBFBBF1EA8F669001DBDDB /* DeviceInfoSpec.swift in Sources */,
				761336B31ECC2C2600E316BF /* LocalizedDataSpec.swift in Sources */,
				76BBFBC31EA8FA8C001DBDDB /* AnonymousSpec.swift in Sources */,
				767030831ECB27DC0026CD70 /* ParentalRatingSpec.swift in Sources */,
				76529CF91ED6148B00318AE2 /* FetchAssetListSpec.swift in Sources */,
				7693EDCE1EADEE9300421551 /* ExposureSpec.swift in Sources */,
				7693EDC01EAA4BC400421551 /* FairplayConfigurationSpec.swift in Sources */,
				7693EDD61EAE00FD00421551 /* PlaybackEntitlementSpec.swift in Sources */,
				7693EDC21EAA513000421551 /* LoginSpec.swift in Sources */,
				767030811ECB25E00026CD70 /* ImageSpec.swift in Sources */,
				7693EDCA1EADEB7300421551 /* CredentialsSpec.swift in Sources */,
				767030871ECB2B1E0026CD70 /* PersonSpec.swift in Sources */,
				7693EDCC1EADED5C00421551 /* EDRMConfigurationSpec.swift in Sources */,
				761336B71ECC40C100E316BF /* SeasonSpec.swift in Sources */,
				761336AC1ECB50F300E316BF /* AssetRightsSpec.swift in Sources */,
				761336B51ECC31E800E316BF /* AssetSpec.swift in Sources */,
				767030851ECB29080026CD70 /* MediaSpec.swift in Sources */,
				766FBB701EC9C49900EBEC53 /* FetchAssetsByIdSpec.swift in Sources */,
				7693EDD41EADF90100421551 /* PlayVodSpec.swift in Sources */,
				7693EDC61EADE09F00421551 /* FetchServerTimeSpec.swift in Sources */,
				761336B11ECB8D2E00E316BF /* PublicationSpec.swift in Sources */,
				76BBFBD31EAA4A33001DBDDB /* ExposureResponseMessage.swift in Sources */,
			);
			runOnlyForDeploymentPostprocessing = 0;
		};
/* End PBXSourcesBuildPhase section */

/* Begin PBXTargetDependency section */
		76A842B31EA75EC900BDAF2C /* PBXTargetDependency */ = {
			isa = PBXTargetDependency;
			target = 76A842A61EA75EC900BDAF2C /* Exposure */;
			targetProxy = 76A842B21EA75EC900BDAF2C /* PBXContainerItemProxy */;
		};
/* End PBXTargetDependency section */

/* Begin XCBuildConfiguration section */
		76A842B91EA75EC900BDAF2C /* Debug */ = {
			isa = XCBuildConfiguration;
			buildSettings = {
				ALWAYS_SEARCH_USER_PATHS = NO;
				CLANG_ANALYZER_NONNULL = YES;
				CLANG_CXX_LANGUAGE_STANDARD = "gnu++0x";
				CLANG_CXX_LIBRARY = "libc++";
				CLANG_ENABLE_MODULES = YES;
				CLANG_ENABLE_OBJC_ARC = YES;
				CLANG_WARN_BOOL_CONVERSION = YES;
				CLANG_WARN_CONSTANT_CONVERSION = YES;
				CLANG_WARN_DIRECT_OBJC_ISA_USAGE = YES_ERROR;
				CLANG_WARN_DOCUMENTATION_COMMENTS = YES;
				CLANG_WARN_EMPTY_BODY = YES;
				CLANG_WARN_ENUM_CONVERSION = YES;
				CLANG_WARN_INFINITE_RECURSION = YES;
				CLANG_WARN_INT_CONVERSION = YES;
				CLANG_WARN_OBJC_ROOT_CLASS = YES_ERROR;
				CLANG_WARN_SUSPICIOUS_MOVE = YES;
				CLANG_WARN_UNREACHABLE_CODE = YES;
				CLANG_WARN__DUPLICATE_METHOD_MATCH = YES;
				"CODE_SIGN_IDENTITY[sdk=iphoneos*]" = "iPhone Developer";
				COPY_PHASE_STRIP = NO;
				CURRENT_PROJECT_VERSION = 20;
				DEBUG_INFORMATION_FORMAT = dwarf;
				ENABLE_STRICT_OBJC_MSGSEND = YES;
				ENABLE_TESTABILITY = YES;
				GCC_C_LANGUAGE_STANDARD = gnu99;
				GCC_DYNAMIC_NO_PIC = NO;
				GCC_NO_COMMON_BLOCKS = YES;
				GCC_OPTIMIZATION_LEVEL = 0;
				GCC_PREPROCESSOR_DEFINITIONS = (
					"DEBUG=1",
					"$(inherited)",
				);
				GCC_WARN_64_TO_32_BIT_CONVERSION = YES;
				GCC_WARN_ABOUT_RETURN_TYPE = YES_ERROR;
				GCC_WARN_UNDECLARED_SELECTOR = YES;
				GCC_WARN_UNINITIALIZED_AUTOS = YES_AGGRESSIVE;
				GCC_WARN_UNUSED_FUNCTION = YES;
				GCC_WARN_UNUSED_VARIABLE = YES;
				IPHONEOS_DEPLOYMENT_TARGET = 10.2;
				MTL_ENABLE_DEBUG_INFO = YES;
				ONLY_ACTIVE_ARCH = YES;
				SDKROOT = iphoneos;
				SWIFT_ACTIVE_COMPILATION_CONDITIONS = DEBUG;
				SWIFT_OPTIMIZATION_LEVEL = "-Onone";
				TARGETED_DEVICE_FAMILY = "1,2";
				VERSIONING_SYSTEM = "apple-generic";
				VERSION_INFO_PREFIX = "";
			};
			name = Debug;
		};
		76A842BA1EA75EC900BDAF2C /* Release */ = {
			isa = XCBuildConfiguration;
			buildSettings = {
				ALWAYS_SEARCH_USER_PATHS = NO;
				CLANG_ANALYZER_NONNULL = YES;
				CLANG_CXX_LANGUAGE_STANDARD = "gnu++0x";
				CLANG_CXX_LIBRARY = "libc++";
				CLANG_ENABLE_MODULES = YES;
				CLANG_ENABLE_OBJC_ARC = YES;
				CLANG_WARN_BOOL_CONVERSION = YES;
				CLANG_WARN_CONSTANT_CONVERSION = YES;
				CLANG_WARN_DIRECT_OBJC_ISA_USAGE = YES_ERROR;
				CLANG_WARN_DOCUMENTATION_COMMENTS = YES;
				CLANG_WARN_EMPTY_BODY = YES;
				CLANG_WARN_ENUM_CONVERSION = YES;
				CLANG_WARN_INFINITE_RECURSION = YES;
				CLANG_WARN_INT_CONVERSION = YES;
				CLANG_WARN_OBJC_ROOT_CLASS = YES_ERROR;
				CLANG_WARN_SUSPICIOUS_MOVE = YES;
				CLANG_WARN_UNREACHABLE_CODE = YES;
				CLANG_WARN__DUPLICATE_METHOD_MATCH = YES;
				"CODE_SIGN_IDENTITY[sdk=iphoneos*]" = "iPhone Developer";
				COPY_PHASE_STRIP = NO;
				CURRENT_PROJECT_VERSION = 20;
				DEBUG_INFORMATION_FORMAT = "dwarf-with-dsym";
				ENABLE_NS_ASSERTIONS = NO;
				ENABLE_STRICT_OBJC_MSGSEND = YES;
				GCC_C_LANGUAGE_STANDARD = gnu99;
				GCC_NO_COMMON_BLOCKS = YES;
				GCC_WARN_64_TO_32_BIT_CONVERSION = YES;
				GCC_WARN_ABOUT_RETURN_TYPE = YES_ERROR;
				GCC_WARN_UNDECLARED_SELECTOR = YES;
				GCC_WARN_UNINITIALIZED_AUTOS = YES_AGGRESSIVE;
				GCC_WARN_UNUSED_FUNCTION = YES;
				GCC_WARN_UNUSED_VARIABLE = YES;
				IPHONEOS_DEPLOYMENT_TARGET = 10.2;
				MTL_ENABLE_DEBUG_INFO = NO;
				SDKROOT = iphoneos;
				SWIFT_OPTIMIZATION_LEVEL = "-Owholemodule";
				TARGETED_DEVICE_FAMILY = "1,2";
				VALIDATE_PRODUCT = YES;
				VERSIONING_SYSTEM = "apple-generic";
				VERSION_INFO_PREFIX = "";
			};
			name = Release;
		};
		76A842BC1EA75EC900BDAF2C /* Debug */ = {
			isa = XCBuildConfiguration;
			buildSettings = {
				CLANG_ENABLE_MODULES = YES;
				CODE_SIGN_IDENTITY = "";
				DEFINES_MODULE = YES;
				DEVELOPMENT_TEAM = JCUPRVKEC5;
				DYLIB_COMPATIBILITY_VERSION = 1;
				DYLIB_CURRENT_VERSION = 20;
				DYLIB_INSTALL_NAME_BASE = "@rpath";
				FRAMEWORK_SEARCH_PATHS = (
					"$(inherited)",
					"$(PROJECT_DIR)/Carthage/Build/iOS",
				);
				INFOPLIST_FILE = Exposure/Info.plist;
				INSTALL_PATH = "$(LOCAL_LIBRARY_DIR)/Frameworks";
				IPHONEOS_DEPLOYMENT_TARGET = 9.0;
				LD_RUNPATH_SEARCH_PATHS = "$(inherited) @executable_path/Frameworks @loader_path/Frameworks";
				PRODUCT_BUNDLE_IDENTIFIER = com.emp.Exposure;
				PRODUCT_NAME = "$(TARGET_NAME)";
				SKIP_INSTALL = YES;
				SWIFT_OPTIMIZATION_LEVEL = "-Onone";
				SWIFT_VERSION = 3.0;
			};
			name = Debug;
		};
		76A842BD1EA75EC900BDAF2C /* Release */ = {
			isa = XCBuildConfiguration;
			buildSettings = {
				CLANG_ENABLE_MODULES = YES;
				CODE_SIGN_IDENTITY = "";
				DEFINES_MODULE = YES;
				DEVELOPMENT_TEAM = JCUPRVKEC5;
				DYLIB_COMPATIBILITY_VERSION = 1;
				DYLIB_CURRENT_VERSION = 20;
				DYLIB_INSTALL_NAME_BASE = "@rpath";
				FRAMEWORK_SEARCH_PATHS = (
					"$(inherited)",
					"$(PROJECT_DIR)/Carthage/Build/iOS",
				);
				INFOPLIST_FILE = Exposure/Info.plist;
				INSTALL_PATH = "$(LOCAL_LIBRARY_DIR)/Frameworks";
				IPHONEOS_DEPLOYMENT_TARGET = 9.0;
				LD_RUNPATH_SEARCH_PATHS = "$(inherited) @executable_path/Frameworks @loader_path/Frameworks";
				PRODUCT_BUNDLE_IDENTIFIER = com.emp.Exposure;
				PRODUCT_NAME = "$(TARGET_NAME)";
				SKIP_INSTALL = YES;
				SWIFT_VERSION = 3.0;
			};
			name = Release;
		};
		76A842BF1EA75EC900BDAF2C /* Debug */ = {
			isa = XCBuildConfiguration;
			buildSettings = {
				ALWAYS_EMBED_SWIFT_STANDARD_LIBRARIES = YES;
				DEVELOPMENT_TEAM = JCUPRVKEC5;
				FRAMEWORK_SEARCH_PATHS = (
					"$(inherited)",
					"$(PROJECT_DIR)/Carthage/Checkouts/Quick/build/Debug-iphoneos",
					"$(PROJECT_DIR)/Carthage/Checkouts/Nimble/build/Debug-iphoneos",
					"$(PROJECT_DIR)/Carthage/Checkouts/Mockingjay/build/Debug",
				);
				INFOPLIST_FILE = ExposureTests/Info.plist;
				LD_RUNPATH_SEARCH_PATHS = "$(inherited) @executable_path/Frameworks @loader_path/Frameworks";
				PRODUCT_BUNDLE_IDENTIFIER = com.emp.ExposureTests;
				PRODUCT_NAME = "$(TARGET_NAME)";
				SWIFT_VERSION = 3.0;
			};
			name = Debug;
		};
		76A842C01EA75EC900BDAF2C /* Release */ = {
			isa = XCBuildConfiguration;
			buildSettings = {
				ALWAYS_EMBED_SWIFT_STANDARD_LIBRARIES = YES;
				DEVELOPMENT_TEAM = JCUPRVKEC5;
				FRAMEWORK_SEARCH_PATHS = (
					"$(inherited)",
					"$(PROJECT_DIR)/Carthage/Checkouts/Quick/build/Debug-iphoneos",
					"$(PROJECT_DIR)/Carthage/Checkouts/Nimble/build/Debug-iphoneos",
					"$(PROJECT_DIR)/Carthage/Checkouts/Mockingjay/build/Debug",
				);
				INFOPLIST_FILE = ExposureTests/Info.plist;
				LD_RUNPATH_SEARCH_PATHS = "$(inherited) @executable_path/Frameworks @loader_path/Frameworks";
				PRODUCT_BUNDLE_IDENTIFIER = com.emp.ExposureTests;
				PRODUCT_NAME = "$(TARGET_NAME)";
				SWIFT_VERSION = 3.0;
			};
			name = Release;
		};
/* End XCBuildConfiguration section */

/* Begin XCConfigurationList section */
		76A842A11EA75EC900BDAF2C /* Build configuration list for PBXProject "Exposure" */ = {
			isa = XCConfigurationList;
			buildConfigurations = (
				76A842B91EA75EC900BDAF2C /* Debug */,
				76A842BA1EA75EC900BDAF2C /* Release */,
			);
			defaultConfigurationIsVisible = 0;
			defaultConfigurationName = Release;
		};
		76A842BB1EA75EC900BDAF2C /* Build configuration list for PBXNativeTarget "Exposure" */ = {
			isa = XCConfigurationList;
			buildConfigurations = (
				76A842BC1EA75EC900BDAF2C /* Debug */,
				76A842BD1EA75EC900BDAF2C /* Release */,
			);
			defaultConfigurationIsVisible = 0;
			defaultConfigurationName = Release;
		};
		76A842BE1EA75EC900BDAF2C /* Build configuration list for PBXNativeTarget "ExposureTests" */ = {
			isa = XCConfigurationList;
			buildConfigurations = (
				76A842BF1EA75EC900BDAF2C /* Debug */,
				76A842C01EA75EC900BDAF2C /* Release */,
			);
			defaultConfigurationIsVisible = 0;
			defaultConfigurationName = Release;
		};
/* End XCConfigurationList section */
	};
	rootObject = 76A8429E1EA75EC900BDAF2C /* Project object */;
}
